// !$*UTF8*$!
{
	archiveVersion = 1;
	classes = {
	};
	objectVersion = 46;
	objects = {

/* Begin PBXBuildFile section */
		59BA41161EAB324800244CAB /* AppDelegate.swift in Sources */ = {isa = PBXBuildFile; fileRef = 59BA41151EAB324800244CAB /* AppDelegate.swift */; };
		59BA41181EAB324800244CAB /* ViewController.swift in Sources */ = {isa = PBXBuildFile; fileRef = 59BA41171EAB324800244CAB /* ViewController.swift */; };
		59BA411B1EAB324800244CAB /* Main.storyboard in Resources */ = {isa = PBXBuildFile; fileRef = 59BA41191EAB324800244CAB /* Main.storyboard */; };
		59BA411D1EAB324800244CAB /* Assets.xcassets in Resources */ = {isa = PBXBuildFile; fileRef = 59BA411C1EAB324800244CAB /* Assets.xcassets */; };
		59BA41201EAB324800244CAB /* LaunchScreen.storyboard in Resources */ = {isa = PBXBuildFile; fileRef = 59BA411E1EAB324800244CAB /* LaunchScreen.storyboard */; };
/* End PBXBuildFile section */

/* Begin PBXFileReference section */
		59BA41121EAB324800244CAB /* CheckTest.app */ = {isa = PBXFileReference; explicitFileType = wrapper.application; includeInIndex = 0; path = CheckTest.app; sourceTree = BUILT_PRODUCTS_DIR; };
		59BA41151EAB324800244CAB /* AppDelegate.swift */ = {isa = PBXFileReference; lastKnownFileType = sourcecode.swift; path = AppDelegate.swift; sourceTree = "<group>"; };
		59BA41171EAB324800244CAB /* ViewController.swift */ = {isa = PBXFileReference; lastKnownFileType = sourcecode.swift; path = ViewController.swift; sourceTree = "<group>"; };
		59BA411A1EAB324800244CAB /* Base */ = {isa = PBXFileReference; lastKnownFileType = file.storyboard; name = Base; path = Base.lproj/Main.storyboard; sourceTree = "<group>"; };
		59BA411C1EAB324800244CAB /* Assets.xcassets */ = {isa = PBXFileReference; lastKnownFileType = folder.assetcatalog; path = Assets.xcassets; sourceTree = "<group>"; };
		59BA411F1EAB324800244CAB /* Base */ = {isa = PBXFileReference; lastKnownFileType = file.storyboard; name = Base; path = Base.lproj/LaunchScreen.storyboard; sourceTree = "<group>"; };
		59BA41211EAB324800244CAB /* Info.plist */ = {isa = PBXFileReference; lastKnownFileType = text.plist.xml; path = Info.plist; sourceTree = "<group>"; };
/* End PBXFileReference section */

/* Begin PBXFrameworksBuildPhase section */
		59BA410F1EAB324800244CAB /* Frameworks */ = {
			isa = PBXFrameworksBuildPhase;
			buildActionMask = 2147483647;
			files = (
			);
			runOnlyForDeploymentPostprocessing = 0;
		};
/* End PBXFrameworksBuildPhase section */

/* Begin PBXGroup section */
		59BA41091EAB324800244CAB = {
			isa = PBXGroup;
			children = (
				59BA41141EAB324800244CAB /* CheckTest */,
				59BA41131EAB324800244CAB /* Products */,
			);
			sourceTree = "<group>";
		};
		59BA41131EAB324800244CAB /* Products */ = {
			isa = PBXGroup;
			children = (
				59BA41121EAB324800244CAB /* CheckTest.app */,
			);
			name = Products;
			sourceTree = "<group>";
		};
		59BA41141EAB324800244CAB /* CheckTest */ = {
			isa = PBXGroup;
			children = (
				59BA41151EAB324800244CAB /* AppDelegate.swift */,
				59BA41171EAB324800244CAB /* ViewController.swift */,
				59BA41191EAB324800244CAB /* Main.storyboard */,
				59BA411C1EAB324800244CAB /* Assets.xcassets */,
				59BA411E1EAB324800244CAB /* LaunchScreen.storyboard */,
				59BA41211EAB324800244CAB /* Info.plist */,
			);
			path = CheckTest;
			sourceTree = "<group>";
		};
/* End PBXGroup section */

/* Begin PBXNativeTarget section */
		59BA41111EAB324800244CAB /* CheckTest */ = {
			isa = PBXNativeTarget;
			buildConfigurationList = 59BA41241EAB324800244CAB /* Build configuration list for PBXNativeTarget "CheckTest" */;
			buildPhases = (
				59BA410E1EAB324800244CAB /* Sources */,
				59BA410F1EAB324800244CAB /* Frameworks */,
				59BA41101EAB324800244CAB /* Resources */,
			);
			buildRules = (
			);
			dependencies = (
			);
			name = CheckTest;
			productName = CheckTest;
			productReference = 59BA41121EAB324800244CAB /* CheckTest.app */;
			productType = "com.apple.product-type.application";
		};
/* End PBXNativeTarget section */

/* Begin PBXProject section */
		59BA410A1EAB324800244CAB /* Project object */ = {
			isa = PBXProject;
			attributes = {
				LastSwiftUpdateCheck = 0830;
				LastUpgradeCheck = 0830;
				ORGANIZATIONNAME = None;
				TargetAttributes = {
					59BA41111EAB324800244CAB = {
						CreatedOnToolsVersion = 8.3.2;
						ProvisioningStyle = Automatic;
					};
				};
			};
			buildConfigurationList = 59BA410D1EAB324800244CAB /* Build configuration list for PBXProject "CheckTest" */;
			compatibilityVersion = "Xcode 3.2";
			developmentRegion = English;
			hasScannedForEncodings = 0;
			knownRegions = (
				en,
				Base,
			);
			mainGroup = 59BA41091EAB324800244CAB;
			productRefGroup = 59BA41131EAB324800244CAB /* Products */;
			projectDirPath = "";
			projectRoot = "";
			targets = (
				59BA41111EAB324800244CAB /* CheckTest */,
			);
		};
/* End PBXProject section */

/* Begin PBXResourcesBuildPhase section */
		59BA41101EAB324800244CAB /* Resources */ = {
			isa = PBXResourcesBuildPhase;
			buildActionMask = 2147483647;
			files = (
				59BA41201EAB324800244CAB /* LaunchScreen.storyboard in Resources */,
				59BA411D1EAB324800244CAB /* Assets.xcassets in Resources */,
				59BA411B1EAB324800244CAB /* Main.storyboard in Resources */,
			);
			runOnlyForDeploymentPostprocessing = 0;
		};
/* End PBXResourcesBuildPhase section */

/* Begin PBXSourcesBuildPhase section */
		59BA410E1EAB324800244CAB /* Sources */ = {
			isa = PBXSourcesBuildPhase;
			buildActionMask = 2147483647;
			files = (
				59BA41181EAB324800244CAB /* ViewController.swift in Sources */,
				59BA41161EAB324800244CAB /* AppDelegate.swift in Sources */,
			);
			runOnlyForDeploymentPostprocessing = 0;
		};
/* End PBXSourcesBuildPhase section */

/* Begin PBXVariantGroup section */
		59BA41191EAB324800244CAB /* Main.storyboard */ = {
			isa = PBXVariantGroup;
			children = (
				59BA411A1EAB324800244CAB /* Base */,
			);
			name = Main.storyboard;
			sourceTree = "<group>";
		};
		59BA411E1EAB324800244CAB /* LaunchScreen.storyboard */ = {
			isa = PBXVariantGroup;
			children = (
				59BA411F1EAB324800244CAB /* Base */,
			);
			name = LaunchScreen.storyboard;
			sourceTree = "<group>";
		};
/* End PBXVariantGroup section */

/* Begin XCBuildConfiguration section */
		59BA41221EAB324800244CAB /* Debug */ = {
			isa = XCBuildConfiguration;
			buildSettings = {
				ALWAYS_SEARCH_USER_PATHS = NO;
				CLANG_ANALYZER_NONNULL = YES;
				CLANG_ANALYZER_NUMBER_OBJECT_CONVERSION = YES_AGGRESSIVE;
				CLANG_CXX_LANGUAGE_STANDARD = "gnu++0x";
				CLANG_CXX_LIBRARY = "libc++";
				CLANG_ENABLE_MODULES = YES;
				CLANG_ENABLE_OBJC_ARC = YES;
				CLANG_WARN_BOOL_CONVERSION = YES;
				CLANG_WARN_CONSTANT_CONVERSION = YES;
				CLANG_WARN_DIRECT_OBJC_ISA_USAGE = YES_ERROR;
				CLANG_WARN_DOCUMENTATION_COMMENTS = YES;
				CLANG_WARN_EMPTY_BODY = YES;
				CLANG_WARN_ENUM_CONVERSION = YES;
				CLANG_WARN_INFINITE_RECURSION = YES;
				CLANG_WARN_INT_CONVERSION = YES;
				CLANG_WARN_OBJC_ROOT_CLASS = YES_ERROR;
				CLANG_WARN_SUSPICIOUS_MOVE = YES;
				CLANG_WARN_UNREACHABLE_CODE = YES;
				CLANG_WARN__DUPLICATE_METHOD_MATCH = YES;
				"CODE_SIGN_IDENTITY[sdk=iphoneos*]" = "iPhone Developer";
				COPY_PHASE_STRIP = NO;
				DEBUG_INFORMATION_FORMAT = dwarf;
				ENABLE_STRICT_OBJC_MSGSEND = YES;
				ENABLE_TESTABILITY = YES;
				GCC_C_LANGUAGE_STANDARD = gnu99;
				GCC_DYNAMIC_NO_PIC = NO;
				GCC_NO_COMMON_BLOCKS = YES;
				GCC_OPTIMIZATION_LEVEL = 0;
				GCC_PREPROCESSOR_DEFINITIONS = (
					"DEBUG=1",
					"$(inherited)",
				);
				GCC_WARN_64_TO_32_BIT_CONVERSION = YES;
				GCC_WARN_ABOUT_RETURN_TYPE = YES_ERROR;
				GCC_WARN_UNDECLARED_SELECTOR = YES;
				GCC_WARN_UNINITIALIZED_AUTOS = YES_AGGRESSIVE;
				GCC_WARN_UNUSED_FUNCTION = YES;
				GCC_WARN_UNUSED_VARIABLE = YES;
				IPHONEOS_DEPLOYMENT_TARGET = 10.3;
				MTL_ENABLE_DEBUG_INFO = YES;
				ONLY_ACTIVE_ARCH = YES;
				SDKROOT = iphoneos;
				SWIFT_ACTIVE_COMPILATION_CONDITIONS = DEBUG;
				SWIFT_OPTIMIZATION_LEVEL = "-Onone";
			};
			name = Debug;
		};
		59BA41231EAB324800244CAB /* Release */ = {
			isa = XCBuildConfiguration;
			buildSettings = {
				ALWAYS_SEARCH_USER_PATHS = NO;
				CLANG_ANALYZER_NONNULL = YES;
				CLANG_ANALYZER_NUMBER_OBJECT_CONVERSION = YES_AGGRESSIVE;
				CLANG_CXX_LANGUAGE_STANDARD = "gnu++0x";
				CLANG_CXX_LIBRARY = "libc++";
				CLANG_ENABLE_MODULES = YES;
				CLANG_ENABLE_OBJC_ARC = YES;
				CLANG_WARN_BOOL_CONVERSION = YES;
				CLANG_WARN_CONSTANT_CONVERSION = YES;
				CLANG_WARN_DIRECT_OBJC_ISA_USAGE = YES_ERROR;
				CLANG_WARN_DOCUMENTATION_COMMENTS = YES;
				CLANG_WARN_EMPTY_BODY = YES;
				CLANG_WARN_ENUM_CONVERSION = YES;
				CLANG_WARN_INFINITE_RECURSION = YES;
				CLANG_WARN_INT_CONVERSION = YES;
				CLANG_WARN_OBJC_ROOT_CLASS = YES_ERROR;
				CLANG_WARN_SUSPICIOUS_MOVE = YES;
				CLANG_WARN_UNREACHABLE_CODE = YES;
				CLANG_WARN__DUPLICATE_METHOD_MATCH = YES;
				"CODE_SIGN_IDENTITY[sdk=iphoneos*]" = "iPhone Developer";
				COPY_PHASE_STRIP = NO;
				DEBUG_INFORMATION_FORMAT = "dwarf-with-dsym";
				ENABLE_NS_ASSERTIONS = NO;
				ENABLE_STRICT_OBJC_MSGSEND = YES;
				GCC_C_LANGUAGE_STANDARD = gnu99;
				GCC_NO_COMMON_BLOCKS = YES;
				GCC_WARN_64_TO_32_BIT_CONVERSION = YES;
				GCC_WARN_ABOUT_RETURN_TYPE = YES_ERROR;
				GCC_WARN_UNDECLARED_SELECTOR = YES;
				GCC_WARN_UNINITIALIZED_AUTOS = YES_AGGRESSIVE;
				GCC_WARN_UNUSED_FUNCTION = YES;
				GCC_WARN_UNUSED_VARIABLE = YES;
				IPHONEOS_DEPLOYMENT_TARGET = 10.3;
				MTL_ENABLE_DEBUG_INFO = NO;
				SDKROOT = iphoneos;
				SWIFT_OPTIMIZATION_LEVEL = "-Owholemodule";
				VALIDATE_PRODUCT = YES;
			};
			name = Release;
		};
		59BA41251EAB324800244CAB /* Debug */ = {
			isa = XCBuildConfiguration;
			buildSettings = {
				ASSETCATALOG_COMPILER_APPICON_NAME = AppIcon;
				INFOPLIST_FILE = CheckTest/Info.plist;
				LD_RUNPATH_SEARCH_PATHS = "$(inherited) @executable_path/Frameworks";
				PRODUCT_BUNDLE_IDENTIFIER = "Erika-Maemoto.CheckTest";
				PRODUCT_NAME = "$(TARGET_NAME)";
				SWIFT_VERSION = 3.0;
			};
			name = Debug;
		};
		59BA41261EAB324800244CAB /* Release */ = {
			isa = XCBuildConfiguration;
			buildSettings = {
				ASSETCATALOG_COMPILER_APPICON_NAME = AppIcon;
				INFOPLIST_FILE = CheckTest/Info.plist;
				LD_RUNPATH_SEARCH_PATHS = "$(inherited) @executable_path/Frameworks";
				PRODUCT_BUNDLE_IDENTIFIER = "Erika-Maemoto.CheckTest";
				PRODUCT_NAME = "$(TARGET_NAME)";
				SWIFT_VERSION = 3.0;
			};
			name = Release;
		};
/* End XCBuildConfiguration section */

/* Begin XCConfigurationList section */
		59BA410D1EAB324800244CAB /* Build configuration list for PBXProject "CheckTest" */ = {
			isa = XCConfigurationList;
			buildConfigurations = (
				59BA41221EAB324800244CAB /* Debug */,
				59BA41231EAB324800244CAB /* Release */,
			);
			defaultConfigurationIsVisible = 0;
			defaultConfigurationName = Release;
		};
		59BA41241EAB324800244CAB /* Build configuration list for PBXNativeTarget "CheckTest" */ = {
			isa = XCConfigurationList;
			buildConfigurations = (
				59BA41251EAB324800244CAB /* Debug */,
				59BA41261EAB324800244CAB /* Release */,
			);
			defaultConfigurationIsVisible = 0;
		};
/* End XCConfigurationList section */
	};
	rootObject = 59BA410A1EAB324800244CAB /* Project object */;
}
